
Microsoft Visual Studio Solution File, Format Version 12.00
# Visual Studio Version 17
VisualStudioVersion = 17.12.35527.113
MinimumVisualStudioVersion = 10.0.40219.1
Project("{FAE04EC0-301F-11D3-BF4B-00C04F79EFBC}") = "GSI.MVision", "GSI.MVision\GSI.MVision.csproj", "{7A76491E-6CA9-4479-A786-CB93B307998B}"
EndProject
Project("{2150E333-8FDC-42A3-9474-1A3956D46DE8}") = "CommonLayer", "CommonLayer", "{1B7C0C50-0E15-45C6-9FFA-638DD77FEA82}"
EndProject
Project("{FAE04EC0-301F-11D3-BF4B-00C04F79EFBC}") = "MVision.Common", "MVision.Common\MVision.Common.csproj", "{7B7DC3E5-4F5D-4A80-B9AE-84188CB6850A}"
EndProject
Project("{2150E333-8FDC-42A3-9474-1A3956D46DE8}") = "DatabaseAccessLayer", "DatabaseAccessLayer", "{2902994F-2114-481A-9DAA-263225F90E1F}"
EndProject
Project("{FAE04EC0-301F-11D3-BF4B-00C04F79EFBC}") = "MVision.MairaDB", "MVision.MairaDB\MVision.MairaDB.csproj", "{ED0E215B-67EA-437C-8886-7C89B1698E7E}"
EndProject
Project("{FAE04EC0-301F-11D3-BF4B-00C04F79EFBC}") = "MVision.SqliteDB", "MVision.SqliteDB\MVision.SqliteDB.csproj", "{4A6BB79F-CA81-44E5-8AC7-2B2643074676}"
EndProject
Project("{2150E333-8FDC-42A3-9474-1A3956D46DE8}") = "UI", "UI", "{34538077-0ABE-4824-AD00-D6BC0B99005B}"
EndProject
Project("{FAE04EC0-301F-11D3-BF4B-00C04F79EFBC}") = "MVision.UI.MainViews", "MVision.UI.MainViews\MVision.UI.MainViews.csproj", "{DAA2D8BB-DAA8-43E4-9842-9687A73A3DBC}"
EndProject
Project("{FAE04EC0-301F-11D3-BF4B-00C04F79EFBC}") = "MVision.UI.CogDisplayViews", "MVision.UI.CogDisplayViews\MVision.UI.CogDisplayViews.csproj", "{7FF845B2-A6CA-484D-AA75-69D317ED7014}"
EndProject
Project("{2150E333-8FDC-42A3-9474-1A3956D46DE8}") = "BusinessLogicLayer", "BusinessLogicLayer", "{C5940E15-AC6A-418C-96EF-7A76243107AA}"
EndProject
Project("{2150E333-8FDC-42A3-9474-1A3956D46DE8}") = "VisionLibrary", "VisionLibrary", "{401DEC98-E7C7-4D45-BDDF-48FA1FFCC0FA}"
EndProject
Project("{FAE04EC0-301F-11D3-BF4B-00C04F79EFBC}") = "MVision.VisionLib.Cognex", "MVision.VisionLib.Cognex\MVision.VisionLib.Cognex.csproj", "{466F855B-9E96-4CB4-A905-2DB7001D36B0}"
EndProject
Project("{2150E333-8FDC-42A3-9474-1A3956D46DE8}") = "Device", "Device", "{8DFE22EF-C5CE-4A20-9A56-12C42C4F4D6F}"
EndProject
Project("{2150E333-8FDC-42A3-9474-1A3956D46DE8}") = "Manager", "Manager", "{70AB9E35-CDA9-4C10-88D0-29C50B024166}"
EndProject
Project("{FAE04EC0-301F-11D3-BF4B-00C04F79EFBC}") = "MVision.Device.Camera", "MVision.Device.Camera\MVision.Device.Camera.csproj", "{6FAB965D-1CF5-4249-8BD9-4559483C6859}"
EndProject
Project("{FAE04EC0-301F-11D3-BF4B-00C04F79EFBC}") = "MVision.Manager.Vision", "MVision.Manager.Vision\MVision.Manager.Vision.csproj", "{2F6DA170-C6CC-464C-94D6-7E40E715E485}"
EndProject
Project("{FAE04EC0-301F-11D3-BF4B-00C04F79EFBC}") = "MVision.UI.InterfaceViews", "MVision.UI.InterfaceViews\MVision.UI.InterfaceViews.csproj", "{AE535203-EF20-44D0-816E-4A86113BF611}"
EndProject
Project("{FAE04EC0-301F-11D3-BF4B-00C04F79EFBC}") = "MVision.UI.InteractivityViews", "MVision.UI.InteractivityViews\MVision.UI.InteractivityViews.csproj", "{BDAFE4F0-318A-4A59-B404-38451528DE0F}"
EndProject
Project("{FAE04EC0-301F-11D3-BF4B-00C04F79EFBC}") = "MVision.UI.LogViews", "MVision.UI.LogViews\MVision.UI.LogViews.csproj", "{01EBC061-E99F-4A10-A908-B9DB2729DDB0}"
EndProject
Project("{2150E333-8FDC-42A3-9474-1A3956D46DE8}") = "Formulas", "Formulas", "{E189511C-AEE6-4B3A-B0A8-8F3363B09263}"
EndProject
Project("{FAE04EC0-301F-11D3-BF4B-00C04F79EFBC}") = "MVision.Formulas.Common", "MVision.Formulas.Common\MVision.Formulas.Common.csproj", "{CF0782F1-D787-4F17-A9B2-74054858BFB4}"
EndProject
Project("{FAE04EC0-301F-11D3-BF4B-00C04F79EFBC}") = "MVision.UI.CogToolEditViews", "MVision.UI.CogToolEditViews\MVision.UI.CogToolEditViews.csproj", "{F2AD2A3B-0122-41F2-B4B4-823EB0700097}"
EndProject
Project("{2150E333-8FDC-42A3-9474-1A3956D46DE8}") = "Scheduler", "Scheduler", "{C8D5274F-AC00-46C7-1F8D-E88E81087A52}"
EndProject
Project("{FAE04EC0-301F-11D3-BF4B-00C04F79EFBC}") = "MVision.SchedulerBase", "MVision.SchedulerBase\MVision.SchedulerBase.csproj", "{74512B48-D830-4343-B90E-6327224A2649}"
EndProject
Project("{FAE04EC0-301F-11D3-BF4B-00C04F79EFBC}") = "MVision.Scheduler.Defualt", "MVision.Scheduler.Defualt\MVision.Scheduler.Defualt.csproj", "{69581B12-8E2D-4E89-BE29-FC0FAA457920}"
EndProject
Project("{FAE04EC0-301F-11D3-BF4B-00C04F79EFBC}") = "MVision.Manager.Robot", "MVision.Manager.Robot\MVision.Manager.Robot.csproj", "{32B32019-BF82-4629-B24F-95B113AB1A90}"
EndProject
Project("{FAE04EC0-301F-11D3-BF4B-00C04F79EFBC}") = "MVision.Device.Robot", "MVision.Device.Robot\MVision.Device.Robot.csproj", "{CBCE5926-1497-4D87-A849-E42AFB3C024E}"
EndProject
Project("{FAE04EC0-301F-11D3-BF4B-00C04F79EFBC}") = "MVision.Device.LightController", "MVision.Device.LightController\MVision.Device.LightController.csproj", "{8363A8D5-4844-4C6E-A24A-B3EABFBED6FB}"
EndProject
Project("{FAE04EC0-301F-11D3-BF4B-00C04F79EFBC}") = "MVision.UI.OptionViews", "MVision.UI.OptionViews\MVision.UI.OptionViews.csproj", "{DE6B1706-2582-4AE4-9E60-117DC028AFBE}"
EndProject
Global
	GlobalSection(SolutionConfigurationPlatforms) = preSolution
		Debug|Any CPU = Debug|Any CPU
		Release|Any CPU = Release|Any CPU
	EndGlobalSection
	GlobalSection(ProjectConfigurationPlatforms) = postSolution
		{7A76491E-6CA9-4479-A786-CB93B307998B}.Debug|Any CPU.ActiveCfg = Debug|Any CPU
		{7A76491E-6CA9-4479-A786-CB93B307998B}.Debug|Any CPU.Build.0 = Debug|Any CPU
		{7A76491E-6CA9-4479-A786-CB93B307998B}.Release|Any CPU.ActiveCfg = Release|Any CPU
		{7A76491E-6CA9-4479-A786-CB93B307998B}.Release|Any CPU.Build.0 = Release|Any CPU
		{7B7DC3E5-4F5D-4A80-B9AE-84188CB6850A}.Debug|Any CPU.ActiveCfg = Debug|Any CPU
		{7B7DC3E5-4F5D-4A80-B9AE-84188CB6850A}.Debug|Any CPU.Build.0 = Debug|Any CPU
		{7B7DC3E5-4F5D-4A80-B9AE-84188CB6850A}.Release|Any CPU.ActiveCfg = Release|Any CPU
		{7B7DC3E5-4F5D-4A80-B9AE-84188CB6850A}.Release|Any CPU.Build.0 = Release|Any CPU
		{ED0E215B-67EA-437C-8886-7C89B1698E7E}.Debug|Any CPU.ActiveCfg = Debug|Any CPU
		{ED0E215B-67EA-437C-8886-7C89B1698E7E}.Debug|Any CPU.Build.0 = Debug|Any CPU
		{ED0E215B-67EA-437C-8886-7C89B1698E7E}.Release|Any CPU.ActiveCfg = Release|Any CPU
		{ED0E215B-67EA-437C-8886-7C89B1698E7E}.Release|Any CPU.Build.0 = Release|Any CPU
		{4A6BB79F-CA81-44E5-8AC7-2B2643074676}.Debug|Any CPU.ActiveCfg = Debug|Any CPU
		{4A6BB79F-CA81-44E5-8AC7-2B2643074676}.Debug|Any CPU.Build.0 = Debug|Any CPU
		{4A6BB79F-CA81-44E5-8AC7-2B2643074676}.Release|Any CPU.ActiveCfg = Release|Any CPU
		{4A6BB79F-CA81-44E5-8AC7-2B2643074676}.Release|Any CPU.Build.0 = Release|Any CPU
		{DAA2D8BB-DAA8-43E4-9842-9687A73A3DBC}.Debug|Any CPU.ActiveCfg = Debug|Any CPU
		{DAA2D8BB-DAA8-43E4-9842-9687A73A3DBC}.Debug|Any CPU.Build.0 = Debug|Any CPU
		{DAA2D8BB-DAA8-43E4-9842-9687A73A3DBC}.Release|Any CPU.ActiveCfg = Release|Any CPU
		{DAA2D8BB-DAA8-43E4-9842-9687A73A3DBC}.Release|Any CPU.Build.0 = Release|Any CPU
		{7FF845B2-A6CA-484D-AA75-69D317ED7014}.Debug|Any CPU.ActiveCfg = Debug|Any CPU
		{7FF845B2-A6CA-484D-AA75-69D317ED7014}.Debug|Any CPU.Build.0 = Debug|Any CPU
		{7FF845B2-A6CA-484D-AA75-69D317ED7014}.Release|Any CPU.ActiveCfg = Release|Any CPU
		{7FF845B2-A6CA-484D-AA75-69D317ED7014}.Release|Any CPU.Build.0 = Release|Any CPU
		{466F855B-9E96-4CB4-A905-2DB7001D36B0}.Debug|Any CPU.ActiveCfg = Debug|Any CPU
		{466F855B-9E96-4CB4-A905-2DB7001D36B0}.Debug|Any CPU.Build.0 = Debug|Any CPU
		{466F855B-9E96-4CB4-A905-2DB7001D36B0}.Release|Any CPU.ActiveCfg = Release|Any CPU
		{466F855B-9E96-4CB4-A905-2DB7001D36B0}.Release|Any CPU.Build.0 = Release|Any CPU
		{6FAB965D-1CF5-4249-8BD9-4559483C6859}.Debug|Any CPU.ActiveCfg = Debug|Any CPU
		{6FAB965D-1CF5-4249-8BD9-4559483C6859}.Debug|Any CPU.Build.0 = Debug|Any CPU
		{6FAB965D-1CF5-4249-8BD9-4559483C6859}.Release|Any CPU.ActiveCfg = Release|Any CPU
		{6FAB965D-1CF5-4249-8BD9-4559483C6859}.Release|Any CPU.Build.0 = Release|Any CPU
		{2F6DA170-C6CC-464C-94D6-7E40E715E485}.Debug|Any CPU.ActiveCfg = Debug|Any CPU
		{2F6DA170-C6CC-464C-94D6-7E40E715E485}.Debug|Any CPU.Build.0 = Debug|Any CPU
		{2F6DA170-C6CC-464C-94D6-7E40E715E485}.Release|Any CPU.ActiveCfg = Release|Any CPU
		{2F6DA170-C6CC-464C-94D6-7E40E715E485}.Release|Any CPU.Build.0 = Release|Any CPU
		{AE535203-EF20-44D0-816E-4A86113BF611}.Debug|Any CPU.ActiveCfg = Debug|Any CPU
		{AE535203-EF20-44D0-816E-4A86113BF611}.Debug|Any CPU.Build.0 = Debug|Any CPU
		{AE535203-EF20-44D0-816E-4A86113BF611}.Release|Any CPU.ActiveCfg = Release|Any CPU
		{AE535203-EF20-44D0-816E-4A86113BF611}.Release|Any CPU.Build.0 = Release|Any CPU
		{BDAFE4F0-318A-4A59-B404-38451528DE0F}.Debug|Any CPU.ActiveCfg = Debug|Any CPU
		{BDAFE4F0-318A-4A59-B404-38451528DE0F}.Debug|Any CPU.Build.0 = Debug|Any CPU
		{BDAFE4F0-318A-4A59-B404-38451528DE0F}.Release|Any CPU.ActiveCfg = Release|Any CPU
		{BDAFE4F0-318A-4A59-B404-38451528DE0F}.Release|Any CPU.Build.0 = Release|Any CPU
		{01EBC061-E99F-4A10-A908-B9DB2729DDB0}.Debug|Any CPU.ActiveCfg = Debug|Any CPU
		{01EBC061-E99F-4A10-A908-B9DB2729DDB0}.Debug|Any CPU.Build.0 = Debug|Any CPU
		{01EBC061-E99F-4A10-A908-B9DB2729DDB0}.Release|Any CPU.ActiveCfg = Release|Any CPU
		{01EBC061-E99F-4A10-A908-B9DB2729DDB0}.Release|Any CPU.Build.0 = Release|Any CPU
		{CF0782F1-D787-4F17-A9B2-74054858BFB4}.Debug|Any CPU.ActiveCfg = Debug|Any CPU
		{CF0782F1-D787-4F17-A9B2-74054858BFB4}.Debug|Any CPU.Build.0 = Debug|Any CPU
		{CF0782F1-D787-4F17-A9B2-74054858BFB4}.Release|Any CPU.ActiveCfg = Release|Any CPU
		{CF0782F1-D787-4F17-A9B2-74054858BFB4}.Release|Any CPU.Build.0 = Release|Any CPU
		{F2AD2A3B-0122-41F2-B4B4-823EB0700097}.Debug|Any CPU.ActiveCfg = Debug|Any CPU
		{F2AD2A3B-0122-41F2-B4B4-823EB0700097}.Debug|Any CPU.Build.0 = Debug|Any CPU
		{F2AD2A3B-0122-41F2-B4B4-823EB0700097}.Release|Any CPU.ActiveCfg = Release|Any CPU
		{F2AD2A3B-0122-41F2-B4B4-823EB0700097}.Release|Any CPU.Build.0 = Release|Any CPU
		{74512B48-D830-4343-B90E-6327224A2649}.Debug|Any CPU.ActiveCfg = Debug|Any CPU
		{74512B48-D830-4343-B90E-6327224A2649}.Debug|Any CPU.Build.0 = Debug|Any CPU
		{74512B48-D830-4343-B90E-6327224A2649}.Release|Any CPU.ActiveCfg = Release|Any CPU
		{74512B48-D830-4343-B90E-6327224A2649}.Release|Any CPU.Build.0 = Release|Any CPU
		{69581B12-8E2D-4E89-BE29-FC0FAA457920}.Debug|Any CPU.ActiveCfg = Debug|Any CPU
		{69581B12-8E2D-4E89-BE29-FC0FAA457920}.Debug|Any CPU.Build.0 = Debug|Any CPU
		{69581B12-8E2D-4E89-BE29-FC0FAA457920}.Release|Any CPU.ActiveCfg = Release|Any CPU
		{69581B12-8E2D-4E89-BE29-FC0FAA457920}.Release|Any CPU.Build.0 = Release|Any CPU
		{32B32019-BF82-4629-B24F-95B113AB1A90}.Debug|Any CPU.ActiveCfg = Debug|Any CPU
		{32B32019-BF82-4629-B24F-95B113AB1A90}.Debug|Any CPU.Build.0 = Debug|Any CPU
		{32B32019-BF82-4629-B24F-95B113AB1A90}.Release|Any CPU.ActiveCfg = Release|Any CPU
		{32B32019-BF82-4629-B24F-95B113AB1A90}.Release|Any CPU.Build.0 = Release|Any CPU
		{CBCE5926-1497-4D87-A849-E42AFB3C024E}.Debug|Any CPU.ActiveCfg = Debug|Any CPU
		{CBCE5926-1497-4D87-A849-E42AFB3C024E}.Debug|Any CPU.Build.0 = Debug|Any CPU
		{CBCE5926-1497-4D87-A849-E42AFB3C024E}.Release|Any CPU.ActiveCfg = Release|Any CPU
		{CBCE5926-1497-4D87-A849-E42AFB3C024E}.Release|Any CPU.Build.0 = Release|Any CPU
		{8363A8D5-4844-4C6E-A24A-B3EABFBED6FB}.Debug|Any CPU.ActiveCfg = Debug|Any CPU
		{8363A8D5-4844-4C6E-A24A-B3EABFBED6FB}.Debug|Any CPU.Build.0 = Debug|Any CPU
		{8363A8D5-4844-4C6E-A24A-B3EABFBED6FB}.Release|Any CPU.ActiveCfg = Release|Any CPU
		{8363A8D5-4844-4C6E-A24A-B3EABFBED6FB}.Release|Any CPU.Build.0 = Release|Any CPU
		{DE6B1706-2582-4AE4-9E60-117DC028AFBE}.Debug|Any CPU.ActiveCfg = Debug|Any CPU
		{DE6B1706-2582-4AE4-9E60-117DC028AFBE}.Debug|Any CPU.Build.0 = Debug|Any CPU
		{DE6B1706-2582-4AE4-9E60-117DC028AFBE}.Release|Any CPU.ActiveCfg = Release|Any CPU
		{DE6B1706-2582-4AE4-9E60-117DC028AFBE}.Release|Any CPU.Build.0 = Release|Any CPU
	EndGlobalSection
	GlobalSection(SolutionProperties) = preSolution
		HideSolutionNode = FALSE
	EndGlobalSection
	GlobalSection(NestedProjects) = preSolution
		{7B7DC3E5-4F5D-4A80-B9AE-84188CB6850A} = {1B7C0C50-0E15-45C6-9FFA-638DD77FEA82}
		{ED0E215B-67EA-437C-8886-7C89B1698E7E} = {2902994F-2114-481A-9DAA-263225F90E1F}
		{4A6BB79F-CA81-44E5-8AC7-2B2643074676} = {2902994F-2114-481A-9DAA-263225F90E1F}
		{DAA2D8BB-DAA8-43E4-9842-9687A73A3DBC} = {34538077-0ABE-4824-AD00-D6BC0B99005B}
		{7FF845B2-A6CA-484D-AA75-69D317ED7014} = {34538077-0ABE-4824-AD00-D6BC0B99005B}
		{401DEC98-E7C7-4D45-BDDF-48FA1FFCC0FA} = {C5940E15-AC6A-418C-96EF-7A76243107AA}
		{466F855B-9E96-4CB4-A905-2DB7001D36B0} = {401DEC98-E7C7-4D45-BDDF-48FA1FFCC0FA}
		{8DFE22EF-C5CE-4A20-9A56-12C42C4F4D6F} = {C5940E15-AC6A-418C-96EF-7A76243107AA}
		{70AB9E35-CDA9-4C10-88D0-29C50B024166} = {C5940E15-AC6A-418C-96EF-7A76243107AA}
		{6FAB965D-1CF5-4249-8BD9-4559483C6859} = {8DFE22EF-C5CE-4A20-9A56-12C42C4F4D6F}
		{2F6DA170-C6CC-464C-94D6-7E40E715E485} = {70AB9E35-CDA9-4C10-88D0-29C50B024166}
		{AE535203-EF20-44D0-816E-4A86113BF611} = {34538077-0ABE-4824-AD00-D6BC0B99005B}
		{BDAFE4F0-318A-4A59-B404-38451528DE0F} = {34538077-0ABE-4824-AD00-D6BC0B99005B}
		{01EBC061-E99F-4A10-A908-B9DB2729DDB0} = {34538077-0ABE-4824-AD00-D6BC0B99005B}
		{E189511C-AEE6-4B3A-B0A8-8F3363B09263} = {C5940E15-AC6A-418C-96EF-7A76243107AA}
		{CF0782F1-D787-4F17-A9B2-74054858BFB4} = {E189511C-AEE6-4B3A-B0A8-8F3363B09263}
		{F2AD2A3B-0122-41F2-B4B4-823EB0700097} = {34538077-0ABE-4824-AD00-D6BC0B99005B}
		{C8D5274F-AC00-46C7-1F8D-E88E81087A52} = {C5940E15-AC6A-418C-96EF-7A76243107AA}
		{74512B48-D830-4343-B90E-6327224A2649} = {C8D5274F-AC00-46C7-1F8D-E88E81087A52}
		{69581B12-8E2D-4E89-BE29-FC0FAA457920} = {C8D5274F-AC00-46C7-1F8D-E88E81087A52}
		{32B32019-BF82-4629-B24F-95B113AB1A90} = {70AB9E35-CDA9-4C10-88D0-29C50B024166}
		{CBCE5926-1497-4D87-A849-E42AFB3C024E} = {8DFE22EF-C5CE-4A20-9A56-12C42C4F4D6F}
		{8363A8D5-4844-4C6E-A24A-B3EABFBED6FB} = {8DFE22EF-C5CE-4A20-9A56-12C42C4F4D6F}
		{DE6B1706-2582-4AE4-9E60-117DC028AFBE} = {34538077-0ABE-4824-AD00-D6BC0B99005B}
	EndGlobalSection
	GlobalSection(ExtensibilityGlobals) = postSolution
		SolutionGuid = {A028CCAE-BB3A-4F40-BB04-0DE1F54B2327}
	EndGlobalSection
EndGlobal
